
Microsoft Visual Studio Solution File, Format Version 12.00
Project("{FAE04EC0-301F-11D3-BF4B-00C04F79EFBC}") = "BlobContentType.Web", "BlobContentType.Web\BlobContentType.Web.csproj", "{16360337-6D1E-4E50-9B4E-735E754B49A8}"
EndProject
Project("{FAE04EC0-301F-11D3-BF4B-00C04F79EFBC}") = "BlobContentType.Test", "BlobContentType.Test\BlobContentType.Test.csproj", "{2B9BB63F-4D31-46FD-ACAC-F496BDF58629}"
EndProject
Global
	GlobalSection(SolutionConfigurationPlatforms) = preSolution
		Debug|Any CPU = Debug|Any CPU
		Release|Any CPU = Release|Any CPU
	EndGlobalSection
	GlobalSection(ProjectConfigurationPlatforms) = postSolution
		{16360337-6D1E-4E50-9B4E-735E754B49A8}.Debug|Any CPU.ActiveCfg = Debug|Any CPU
		{16360337-6D1E-4E50-9B4E-735E754B49A8}.Debug|Any CPU.Build.0 = Debug|Any CPU
		{16360337-6D1E-4E50-9B4E-735E754B49A8}.Release|Any CPU.ActiveCfg = Release|Any CPU
		{16360337-6D1E-4E50-9B4E-735E754B49A8}.Release|Any CPU.Build.0 = Release|Any CPU
		{2B9BB63F-4D31-46FD-ACAC-F496BDF58629}.Debug|Any CPU.ActiveCfg = Debug|Any CPU
		{2B9BB63F-4D31-46FD-ACAC-F496BDF58629}.Debug|Any CPU.Build.0 = Debug|Any CPU
		{2B9BB63F-4D31-46FD-ACAC-F496BDF58629}.Release|Any CPU.ActiveCfg = Release|Any CPU
		{2B9BB63F-4D31-46FD-ACAC-F496BDF58629}.Release|Any CPU.Build.0 = Release|Any CPU
	EndGlobalSection
EndGlobal
